PODS:
  - FOXAdditions (1.1.0)
  - SnapKit (5.0.1)

DEPENDENCIES:
  - FOXAdditions (from `../`)
  - SnapKit

SPEC REPOS:
  trunk:
    - SnapKit

EXTERNAL SOURCES:
  FOXAdditions:
    :path: "../"

SPEC CHECKSUMS:
  FOXAdditions: e5c550727e318d2d60d55c43345ef47a6d1be9e2
  SnapKit: 97b92857e3df3a0c71833cce143274bf6ef8e5eb

PODFILE CHECKSUM: a875204a8ee3ff5d46247d4ef22ffd3c625d221e

COCOAPODS: 1.8.4
